
Microsoft Visual Studio Solution File, Format Version 12.00
# Visual Studio 2017
Project("{FAE04EC0-301F-11D3-BF4B-00C04F79EFBC}") = "IAJ Pathfinding 3.1", "IAJ Pathfinding 3.1.csproj", "{B4637B57-F082-2A9D-79EF-A2313F2960BB}"
EndProject
Project("{FAE04EC0-301F-11D3-BF4B-00C04F79EFBC}") = "IAJ Pathfinding 3.1.Editor", "IAJ Pathfinding 3.1.Editor.csproj", "{565B6ADF-A31C-4D18-3CB5-F3EE85B01101}"
EndProject
Global
	GlobalSection(SolutionConfigurationPlatforms) = preSolution
		Debug|Any CPU = Debug|Any CPU
		Release|Any CPU = Release|Any CPU
	EndGlobalSection
	GlobalSection(ProjectConfigurationPlatforms) = postSolution
		{B4637B57-F082-2A9D-79EF-A2313F2960BB}.Debug|Any CPU.ActiveCfg = Debug|Any CPU
		{B4637B57-F082-2A9D-79EF-A2313F2960BB}.Debug|Any CPU.Build.0 = Debug|Any CPU
		{B4637B57-F082-2A9D-79EF-A2313F2960BB}.Release|Any CPU.ActiveCfg = Release|Any CPU
		{B4637B57-F082-2A9D-79EF-A2313F2960BB}.Release|Any CPU.Build.0 = Release|Any CPU
		{565B6ADF-A31C-4D18-3CB5-F3EE85B01101}.Debug|Any CPU.ActiveCfg = Debug|Any CPU
		{565B6ADF-A31C-4D18-3CB5-F3EE85B01101}.Debug|Any CPU.Build.0 = Debug|Any CPU
		{565B6ADF-A31C-4D18-3CB5-F3EE85B01101}.Release|Any CPU.ActiveCfg = Release|Any CPU
		{565B6ADF-A31C-4D18-3CB5-F3EE85B01101}.Release|Any CPU.Build.0 = Release|Any CPU
	EndGlobalSection
	GlobalSection(SolutionProperties) = preSolution
		HideSolutionNode = FALSE
	EndGlobalSection
EndGlobal
